
Microsoft Visual Studio Solution File, Format Version 12.00
# Visual Studio Version 16
VisualStudioVersion = 16.0.31410.357
MinimumVisualStudioVersion = 10.0.40219.1
Project("{9A19103F-16F7-4668-BE54-9A1E7A4F7556}") = "UserRegistration", "UserRegistration\UserRegistration.csproj", "{A1B51E53-D7FB-448C-B0FC-E265227A057D}"
EndProject
Project("{FAE04EC0-301F-11D3-BF4B-00C04F79EFBC}") = "ValidateDetails", "..\ValidateDetails\ValidateDetails\ValidateDetails.csproj", "{3BC587D9-B279-4D3A-9C9A-3FEE37A8F535}"
EndProject
Global
	GlobalSection(SolutionConfigurationPlatforms) = preSolution
		Debug|Any CPU = Debug|Any CPU
		Release|Any CPU = Release|Any CPU
	EndGlobalSection
	GlobalSection(ProjectConfigurationPlatforms) = postSolution
		{A1B51E53-D7FB-448C-B0FC-E265227A057D}.Debug|Any CPU.ActiveCfg = Debug|Any CPU
		{A1B51E53-D7FB-448C-B0FC-E265227A057D}.Debug|Any CPU.Build.0 = Debug|Any CPU
		{A1B51E53-D7FB-448C-B0FC-E265227A057D}.Release|Any CPU.ActiveCfg = Release|Any CPU
		{A1B51E53-D7FB-448C-B0FC-E265227A057D}.Release|Any CPU.Build.0 = Release|Any CPU
		{3BC587D9-B279-4D3A-9C9A-3FEE37A8F535}.Debug|Any CPU.ActiveCfg = Debug|Any CPU
		{3BC587D9-B279-4D3A-9C9A-3FEE37A8F535}.Debug|Any CPU.Build.0 = Debug|Any CPU
		{3BC587D9-B279-4D3A-9C9A-3FEE37A8F535}.Release|Any CPU.ActiveCfg = Release|Any CPU
		{3BC587D9-B279-4D3A-9C9A-3FEE37A8F535}.Release|Any CPU.Build.0 = Release|Any CPU
	EndGlobalSection
	GlobalSection(SolutionProperties) = preSolution
		HideSolutionNode = FALSE
	EndGlobalSection
	GlobalSection(ExtensibilityGlobals) = postSolution
		SolutionGuid = {6D7ED1C7-2AE1-40E9-95F6-E756C709C456}
	EndGlobalSection
EndGlobal
